
Microsoft Visual Studio Solution File, Format Version 12.00
# Visual Studio Version 16
VisualStudioVersion = 16.0.31321.278
MinimumVisualStudioVersion = 10.0.40219.1
Project("{FAE04EC0-301F-11D3-BF4B-00C04F79EFBC}") = "FirmwareVersion_1.0", "FirmwareVersion_1.0.csproj", "{18298700-AB7F-4AA6-AB9D-47D63860BDB6}"
EndProject
Global
	GlobalSection(SolutionConfigurationPlatforms) = preSolution
		Debug|Any CPU = Debug|Any CPU
		Release|Any CPU = Release|Any CPU
	EndGlobalSection
	GlobalSection(ProjectConfigurationPlatforms) = postSolution
		{18298700-AB7F-4AA6-AB9D-47D63860BDB6}.Debug|Any CPU.ActiveCfg = Debug|Any CPU
		{18298700-AB7F-4AA6-AB9D-47D63860BDB6}.Debug|Any CPU.Build.0 = Debug|Any CPU
		{18298700-AB7F-4AA6-AB9D-47D63860BDB6}.Release|Any CPU.ActiveCfg = Release|Any CPU
		{18298700-AB7F-4AA6-AB9D-47D63860BDB6}.Release|Any CPU.Build.0 = Release|Any CPU
	EndGlobalSection
	GlobalSection(SolutionProperties) = preSolution
		HideSolutionNode = FALSE
	EndGlobalSection
	GlobalSection(ExtensibilityGlobals) = postSolution
		SolutionGuid = {A7C7C4CD-CB28-4157-B867-F0252E622A16}
	EndGlobalSection
EndGlobal
